
Microsoft Visual Studio Solution File, Format Version 12.00
# Visual Studio Version 18
VisualStudioVersion = 18.0.11222.15 d18.0
MinimumVisualStudioVersion = 10.0.40219.1
Project("{FAE04EC0-301F-11D3-BF4B-00C04F79EFBC}") = "Viman", "Viman.csproj", "{73B87FAB-0F11-4585-B033-96CF67C6A7D8}"
EndProject
Global
	GlobalSection(SolutionConfigurationPlatforms) = preSolution
		Debug|Any CPU = Debug|Any CPU
		Release|Any CPU = Release|Any CPU
	EndGlobalSection
	GlobalSection(ProjectConfigurationPlatforms) = postSolution
		{73B87FAB-0F11-4585-B033-96CF67C6A7D8}.Debug|Any CPU.ActiveCfg = Debug|Any CPU
		{73B87FAB-0F11-4585-B033-96CF67C6A7D8}.Debug|Any CPU.Build.0 = Debug|Any CPU
		{73B87FAB-0F11-4585-B033-96CF67C6A7D8}.Release|Any CPU.ActiveCfg = Release|Any CPU
		{73B87FAB-0F11-4585-B033-96CF67C6A7D8}.Release|Any CPU.Build.0 = Release|Any CPU
	EndGlobalSection
	GlobalSection(SolutionProperties) = preSolution
		HideSolutionNode = FALSE
	EndGlobalSection
	GlobalSection(ExtensibilityGlobals) = postSolution
		SolutionGuid = {5C98D2EB-E176-4C2F-A5DA-D5EADBBCB7BB}
	EndGlobalSection
EndGlobal
